// !$*UTF8*$!
{
	archiveVersion = 1;
	classes = {
	};
	objectVersion = 46;
	objects = {

/* Begin PBXBuildFile section */
		65BD0B7A1B637E9C00126BB2 /* AppDelegate.swift in Sources */ = {isa = PBXBuildFile; fileRef = 65BD0B791B637E9C00126BB2 /* AppDelegate.swift */; };
		65BD0B7D1B637E9C00126BB2 /* ShoeSizeConverter.xcdatamodeld in Sources */ = {isa = PBXBuildFile; fileRef = 65BD0B7B1B637E9C00126BB2 /* ShoeSizeConverter.xcdatamodeld */; };
		65BD0B7F1B637E9C00126BB2 /* ViewController.swift in Sources */ = {isa = PBXBuildFile; fileRef = 65BD0B7E1B637E9C00126BB2 /* ViewController.swift */; };
		65BD0B821B637E9C00126BB2 /* Main.storyboard in Resources */ = {isa = PBXBuildFile; fileRef = 65BD0B801B637E9C00126BB2 /* Main.storyboard */; };
		65BD0B841B637E9C00126BB2 /* Images.xcassets in Resources */ = {isa = PBXBuildFile; fileRef = 65BD0B831B637E9C00126BB2 /* Images.xcassets */; };
		65BD0B871B637E9C00126BB2 /* LaunchScreen.xib in Resources */ = {isa = PBXBuildFile; fileRef = 65BD0B851B637E9C00126BB2 /* LaunchScreen.xib */; };
		65BD0B931B637E9C00126BB2 /* ShoeSizeConverterTests.swift in Sources */ = {isa = PBXBuildFile; fileRef = 65BD0B921B637E9C00126BB2 /* ShoeSizeConverterTests.swift */; };
/* End PBXBuildFile section */

/* Begin PBXContainerItemProxy section */
		65BD0B8D1B637E9C00126BB2 /* PBXContainerItemProxy */ = {
			isa = PBXContainerItemProxy;
			containerPortal = 65BD0B6C1B637E9C00126BB2 /* Project object */;
			proxyType = 1;
			remoteGlobalIDString = 65BD0B731B637E9C00126BB2;
			remoteInfo = ShoeSizeConverter;
		};
/* End PBXContainerItemProxy section */

/* Begin PBXFileReference section */
		65BD0B741B637E9C00126BB2 /* ShoeSizeConverter.app */ = {isa = PBXFileReference; explicitFileType = wrapper.application; includeInIndex = 0; path = ShoeSizeConverter.app; sourceTree = BUILT_PRODUCTS_DIR; };
		65BD0B781B637E9C00126BB2 /* Info.plist */ = {isa = PBXFileReference; lastKnownFileType = text.plist.xml; path = Info.plist; sourceTree = "<group>"; };
		65BD0B791B637E9C00126BB2 /* AppDelegate.swift */ = {isa = PBXFileReference; lastKnownFileType = sourcecode.swift; path = AppDelegate.swift; sourceTree = "<group>"; };
		65BD0B7C1B637E9C00126BB2 /* ShoeSizeConverter.xcdatamodel */ = {isa = PBXFileReference; lastKnownFileType = wrapper.xcdatamodel; path = ShoeSizeConverter.xcdatamodel; sourceTree = "<group>"; };
		65BD0B7E1B637E9C00126BB2 /* ViewController.swift */ = {isa = PBXFileReference; lastKnownFileType = sourcecode.swift; path = ViewController.swift; sourceTree = "<group>"; };
		65BD0B811B637E9C00126BB2 /* Base */ = {isa = PBXFileReference; lastKnownFileType = file.storyboard; name = Base; path = Base.lproj/Main.storyboard; sourceTree = "<group>"; };
		65BD0B831B637E9C00126BB2 /* Images.xcassets */ = {isa = PBXFileReference; lastKnownFileType = folder.assetcatalog; path = Images.xcassets; sourceTree = "<group>"; };
		65BD0B861B637E9C00126BB2 /* Base */ = {isa = PBXFileReference; lastKnownFileType = file.xib; name = Base; path = Base.lproj/LaunchScreen.xib; sourceTree = "<group>"; };
		65BD0B8C1B637E9C00126BB2 /* ShoeSizeConverterTests.xctest */ = {isa = PBXFileReference; explicitFileType = wrapper.cfbundle; includeInIndex = 0; path = ShoeSizeConverterTests.xctest; sourceTree = BUILT_PRODUCTS_DIR; };
		65BD0B911B637E9C00126BB2 /* Info.plist */ = {isa = PBXFileReference; lastKnownFileType = text.plist.xml; path = Info.plist; sourceTree = "<group>"; };
		65BD0B921B637E9C00126BB2 /* ShoeSizeConverterTests.swift */ = {isa = PBXFileReference; lastKnownFileType = sourcecode.swift; path = ShoeSizeConverterTests.swift; sourceTree = "<group>"; };
/* End PBXFileReference section */

/* Begin PBXFrameworksBuildPhase section */
		65BD0B711B637E9C00126BB2 /* Frameworks */ = {
			isa = PBXFrameworksBuildPhase;
			buildActionMask = 2147483647;
			files = (
			);
			runOnlyForDeploymentPostprocessing = 0;
		};
		65BD0B891B637E9C00126BB2 /* Frameworks */ = {
			isa = PBXFrameworksBuildPhase;
			buildActionMask = 2147483647;
			files = (
			);
			runOnlyForDeploymentPostprocessing = 0;
		};
/* End PBXFrameworksBuildPhase section */

/* Begin PBXGroup section */
		65BD0B6B1B637E9C00126BB2 = {
			isa = PBXGroup;
			children = (
				65BD0B761B637E9C00126BB2 /* ShoeSizeConverter */,
				65BD0B8F1B637E9C00126BB2 /* ShoeSizeConverterTests */,
				65BD0B751B637E9C00126BB2 /* Products */,
			);
			sourceTree = "<group>";
		};
		65BD0B751B637E9C00126BB2 /* Products */ = {
			isa = PBXGroup;
			children = (
				65BD0B741B637E9C00126BB2 /* ShoeSizeConverter.app */,
				65BD0B8C1B637E9C00126BB2 /* ShoeSizeConverterTests.xctest */,
			);
			name = Products;
			sourceTree = "<group>";
		};
		65BD0B761B637E9C00126BB2 /* ShoeSizeConverter */ = {
			isa = PBXGroup;
			children = (
				65BD0B791B637E9C00126BB2 /* AppDelegate.swift */,
				65BD0B7E1B637E9C00126BB2 /* ViewController.swift */,
				65BD0B801B637E9C00126BB2 /* Main.storyboard */,
				65BD0B831B637E9C00126BB2 /* Images.xcassets */,
				65BD0B851B637E9C00126BB2 /* LaunchScreen.xib */,
				65BD0B7B1B637E9C00126BB2 /* ShoeSizeConverter.xcdatamodeld */,
				65BD0B771B637E9C00126BB2 /* Supporting Files */,
			);
			path = ShoeSizeConverter;
			sourceTree = "<group>";
		};
		65BD0B771B637E9C00126BB2 /* Supporting Files */ = {
			isa = PBXGroup;
			children = (
				65BD0B781B637E9C00126BB2 /* Info.plist */,
			);
			name = "Supporting Files";
			sourceTree = "<group>";
		};
		65BD0B8F1B637E9C00126BB2 /* ShoeSizeConverterTests */ = {
			isa = PBXGroup;
			children = (
				65BD0B921B637E9C00126BB2 /* ShoeSizeConverterTests.swift */,
				65BD0B901B637E9C00126BB2 /* Supporting Files */,
			);
			path = ShoeSizeConverterTests;
			sourceTree = "<group>";
		};
		65BD0B901B637E9C00126BB2 /* Supporting Files */ = {
			isa = PBXGroup;
			children = (
				65BD0B911B637E9C00126BB2 /* Info.plist */,
			);
			name = "Supporting Files";
			sourceTree = "<group>";
		};
/* End PBXGroup section */

/* Begin PBXNativeTarget section */
		65BD0B731B637E9C00126BB2 /* ShoeSizeConverter */ = {
			isa = PBXNativeTarget;
			buildConfigurationList = 65BD0B961B637E9C00126BB2 /* Build configuration list for PBXNativeTarget "ShoeSizeConverter" */;
			buildPhases = (
				65BD0B701B637E9C00126BB2 /* Sources */,
				65BD0B711B637E9C00126BB2 /* Frameworks */,
				65BD0B721B637E9C00126BB2 /* Resources */,
			);
			buildRules = (
			);
			dependencies = (
			);
			name = ShoeSizeConverter;
			productName = ShoeSizeConverter;
			productReference = 65BD0B741B637E9C00126BB2 /* ShoeSizeConverter.app */;
			productType = "com.apple.product-type.application";
		};
		65BD0B8B1B637E9C00126BB2 /* ShoeSizeConverterTests */ = {
			isa = PBXNativeTarget;
			buildConfigurationList = 65BD0B991B637E9C00126BB2 /* Build configuration list for PBXNativeTarget "ShoeSizeConverterTests" */;
			buildPhases = (
				65BD0B881B637E9C00126BB2 /* Sources */,
				65BD0B891B637E9C00126BB2 /* Frameworks */,
				65BD0B8A1B637E9C00126BB2 /* Resources */,
			);
			buildRules = (
			);
			dependencies = (
				65BD0B8E1B637E9C00126BB2 /* PBXTargetDependency */,
			);
			name = ShoeSizeConverterTests;
			productName = ShoeSizeConverterTests;
			productReference = 65BD0B8C1B637E9C00126BB2 /* ShoeSizeConverterTests.xctest */;
			productType = "com.apple.product-type.bundle.unit-test";
		};
/* End PBXNativeTarget section */

/* Begin PBXProject section */
		65BD0B6C1B637E9C00126BB2 /* Project object */ = {
			isa = PBXProject;
			attributes = {
				LastUpgradeCheck = 0630;
				ORGANIZATIONNAME = "Daniel Zhang";
				TargetAttributes = {
					65BD0B731B637E9C00126BB2 = {
						CreatedOnToolsVersion = 6.3.2;
					};
					65BD0B8B1B637E9C00126BB2 = {
						CreatedOnToolsVersion = 6.3.2;
						TestTargetID = 65BD0B731B637E9C00126BB2;
					};
				};
			};
			buildConfigurationList = 65BD0B6F1B637E9C00126BB2 /* Build configuration list for PBXProject "ShoeSizeConverter" */;
			compatibilityVersion = "Xcode 3.2";
			developmentRegion = English;
			hasScannedForEncodings = 0;
			knownRegions = (
				en,
				Base,
			);
			mainGroup = 65BD0B6B1B637E9C00126BB2;
			productRefGroup = 65BD0B751B637E9C00126BB2 /* Products */;
			projectDirPath = "";
			projectRoot = "";
			targets = (
				65BD0B731B637E9C00126BB2 /* ShoeSizeConverter */,
				65BD0B8B1B637E9C00126BB2 /* ShoeSizeConverterTests */,
			);
		};
/* End PBXProject section */

/* Begin PBXResourcesBuildPhase section */
		65BD0B721B637E9C00126BB2 /* Resources */ = {
			isa = PBXResourcesBuildPhase;
			buildActionMask = 2147483647;
			files = (
				65BD0B821B637E9C00126BB2 /* Main.storyboard in Resources */,
				65BD0B871B637E9C00126BB2 /* LaunchScreen.xib in Resources */,
				65BD0B841B637E9C00126BB2 /* Images.xcassets in Resources */,
			);
			runOnlyForDeploymentPostprocessing = 0;
		};
		65BD0B8A1B637E9C00126BB2 /* Resources */ = {
			isa = PBXResourcesBuildPhase;
			buildActionMask = 2147483647;
			files = (
			);
			runOnlyForDeploymentPostprocessing = 0;
		};
/* End PBXResourcesBuildPhase section */

/* Begin PBXSourcesBuildPhase section */
		65BD0B701B637E9C00126BB2 /* Sources */ = {
			isa = PBXSourcesBuildPhase;
			buildActionMask = 2147483647;
			files = (
				65BD0B7F1B637E9C00126BB2 /* ViewController.swift in Sources */,
				65BD0B7D1B637E9C00126BB2 /* ShoeSizeConverter.xcdatamodeld in Sources */,
				65BD0B7A1B637E9C00126BB2 /* AppDelegate.swift in Sources */,
			);
			runOnlyForDeploymentPostprocessing = 0;
		};
		65BD0B881B637E9C00126BB2 /* Sources */ = {
			isa = PBXSourcesBuildPhase;
			buildActionMask = 2147483647;
			files = (
				65BD0B931B637E9C00126BB2 /* ShoeSizeConverterTests.swift in Sources */,
			);
			runOnlyForDeploymentPostprocessing = 0;
		};
/* End PBXSourcesBuildPhase section */

/* Begin PBXTargetDependency section */
		65BD0B8E1B637E9C00126BB2 /* PBXTargetDependency */ = {
			isa = PBXTargetDependency;
			target = 65BD0B731B637E9C00126BB2 /* ShoeSizeConverter */;
			targetProxy = 65BD0B8D1B637E9C00126BB2 /* PBXContainerItemProxy */;
		};
/* End PBXTargetDependency section */

/* Begin PBXVariantGroup section */
		65BD0B801B637E9C00126BB2 /* Main.storyboard */ = {
			isa = PBXVariantGroup;
			children = (
				65BD0B811B637E9C00126BB2 /* Base */,
			);
			name = Main.storyboard;
			sourceTree = "<group>";
		};
		65BD0B851B637E9C00126BB2 /* LaunchScreen.xib */ = {
			isa = PBXVariantGroup;
			children = (
				65BD0B861B637E9C00126BB2 /* Base */,
			);
			name = LaunchScreen.xib;
			sourceTree = "<group>";
		};
/* End PBXVariantGroup section */

/* Begin XCBuildConfiguration section */
		65BD0B941B637E9C00126BB2 /* Debug */ = {
			isa = XCBuildConfiguration;
			buildSettings = {
				ALWAYS_SEARCH_USER_PATHS = NO;
				CLANG_CXX_LANGUAGE_STANDARD = "gnu++0x";
				CLANG_CXX_LIBRARY = "libc++";
				CLANG_ENABLE_MODULES = YES;
				CLANG_ENABLE_OBJC_ARC = YES;
				CLANG_WARN_BOOL_CONVERSION = YES;
				CLANG_WARN_CONSTANT_CONVERSION = YES;
				CLANG_WARN_DIRECT_OBJC_ISA_USAGE = YES_ERROR;
				CLANG_WARN_EMPTY_BODY = YES;
				CLANG_WARN_ENUM_CONVERSION = YES;
				CLANG_WARN_INT_CONVERSION = YES;
				CLANG_WARN_OBJC_ROOT_CLASS = YES_ERROR;
				CLANG_WARN_UNREACHABLE_CODE = YES;
				CLANG_WARN__DUPLICATE_METHOD_MATCH = YES;
				"CODE_SIGN_IDENTITY[sdk=iphoneos*]" = "iPhone Developer";
				COPY_PHASE_STRIP = NO;
				DEBUG_INFORMATION_FORMAT = "dwarf-with-dsym";
				ENABLE_STRICT_OBJC_MSGSEND = YES;
				GCC_C_LANGUAGE_STANDARD = gnu99;
				GCC_DYNAMIC_NO_PIC = NO;
				GCC_NO_COMMON_BLOCKS = YES;
				GCC_OPTIMIZATION_LEVEL = 0;
				GCC_PREPROCESSOR_DEFINITIONS = (
					"DEBUG=1",
					"$(inherited)",
				);
				GCC_SYMBOLS_PRIVATE_EXTERN = NO;
				GCC_WARN_64_TO_32_BIT_CONVERSION = YES;
				GCC_WARN_ABOUT_RETURN_TYPE = YES_ERROR;
				GCC_WARN_UNDECLARED_SELECTOR = YES;
				GCC_WARN_UNINITIALIZED_AUTOS = YES_AGGRESSIVE;
				GCC_WARN_UNUSED_FUNCTION = YES;
				GCC_WARN_UNUSED_VARIABLE = YES;
				IPHONEOS_DEPLOYMENT_TARGET = 8.3;
				MTL_ENABLE_DEBUG_INFO = YES;
				ONLY_ACTIVE_ARCH = YES;
				SDKROOT = iphoneos;
				SWIFT_OPTIMIZATION_LEVEL = "-Onone";
			};
			name = Debug;
		};
		65BD0B951B637E9C00126BB2 /* Release */ = {
			isa = XCBuildConfiguration;
			buildSettings = {
				ALWAYS_SEARCH_USER_PATHS = NO;
				CLANG_CXX_LANGUAGE_STANDARD = "gnu++0x";
				CLANG_CXX_LIBRARY = "libc++";
				CLANG_ENABLE_MODULES = YES;
				CLANG_ENABLE_OBJC_ARC = YES;
				CLANG_WARN_BOOL_CONVERSION = YES;
				CLANG_WARN_CONSTANT_CONVERSION = YES;
				CLANG_WARN_DIRECT_OBJC_ISA_USAGE = YES_ERROR;
				CLANG_WARN_EMPTY_BODY = YES;
				CLANG_WARN_ENUM_CONVERSION = YES;
				CLANG_WARN_INT_CONVERSION = YES;
				CLANG_WARN_OBJC_ROOT_CLASS = YES_ERROR;
				CLANG_WARN_UNREACHABLE_CODE = YES;
				CLANG_WARN__DUPLICATE_METHOD_MATCH = YES;
				"CODE_SIGN_IDENTITY[sdk=iphoneos*]" = "iPhone Developer";
				COPY_PHASE_STRIP = NO;
				DEBUG_INFORMATION_FORMAT = "dwarf-with-dsym";
				ENABLE_NS_ASSERTIONS = NO;
				ENABLE_STRICT_OBJC_MSGSEND = YES;
				GCC_C_LANGUAGE_STANDARD = gnu99;
				GCC_NO_COMMON_BLOCKS = YES;
				GCC_WARN_64_TO_32_BIT_CONVERSION = YES;
				GCC_WARN_ABOUT_RETURN_TYPE = YES_ERROR;
				GCC_WARN_UNDECLARED_SELECTOR = YES;
				GCC_WARN_UNINITIALIZED_AUTOS = YES_AGGRESSIVE;
				GCC_WARN_UNUSED_FUNCTION = YES;
				GCC_WARN_UNUSED_VARIABLE = YES;
				IPHONEOS_DEPLOYMENT_TARGET = 8.3;
				MTL_ENABLE_DEBUG_INFO = NO;
				SDKROOT = iphoneos;
				VALIDATE_PRODUCT = YES;
			};
			name = Release;
		};
		65BD0B971B637E9C00126BB2 /* Debug */ = {
			isa = XCBuildConfiguration;
			buildSettings = {
				ASSETCATALOG_COMPILER_APPICON_NAME = AppIcon;
				INFOPLIST_FILE = ShoeSizeConverter/Info.plist;
				LD_RUNPATH_SEARCH_PATHS = "$(inherited) @executable_path/Frameworks";
				PRODUCT_NAME = "$(TARGET_NAME)";
			};
			name = Debug;
		};
		65BD0B981B637E9C00126BB2 /* Release */ = {
			isa = XCBuildConfiguration;
			buildSettings = {
				ASSETCATALOG_COMPILER_APPICON_NAME = AppIcon;
				INFOPLIST_FILE = ShoeSizeConverter/Info.plist;
				LD_RUNPATH_SEARCH_PATHS = "$(inherited) @executable_path/Frameworks";
				PRODUCT_NAME = "$(TARGET_NAME)";
			};
			name = Release;
		};
		65BD0B9A1B637E9C00126BB2 /* Debug */ = {
			isa = XCBuildConfiguration;
			buildSettings = {
				BUNDLE_LOADER = "$(TEST_HOST)";
				FRAMEWORK_SEARCH_PATHS = (
					"$(SDKROOT)/Developer/Library/Frameworks",
					"$(inherited)",
				);
				GCC_PREPROCESSOR_DEFINITIONS = (
					"DEBUG=1",
					"$(inherited)",
				);
				INFOPLIST_FILE = ShoeSizeConverterTests/Info.plist;
				LD_RUNPATH_SEARCH_PATHS = "$(inherited) @executable_path/Frameworks @loader_path/Frameworks";
				PRODUCT_NAME = "$(TARGET_NAME)";
				TEST_HOST = "$(BUILT_PRODUCTS_DIR)/ShoeSizeConverter.app/ShoeSizeConverter";
			};
			name = Debug;
		};
		65BD0B9B1B637E9C00126BB2 /* Release */ = {
			isa = XCBuildConfiguration;
			buildSettings = {
				BUNDLE_LOADER = "$(TEST_HOST)";
				FRAMEWORK_SEARCH_PATHS = (
					"$(SDKROOT)/Developer/Library/Frameworks",
					"$(inherited)",
				);
				INFOPLIST_FILE = ShoeSizeConverterTests/Info.plist;
				LD_RUNPATH_SEARCH_PATHS = "$(inherited) @executable_path/Frameworks @loader_path/Frameworks";
				PRODUCT_NAME = "$(TARGET_NAME)";
				TEST_HOST = "$(BUILT_PRODUCTS_DIR)/ShoeSizeConverter.app/ShoeSizeConverter";
			};
			name = Release;
		};
/* End XCBuildConfiguration section */

/* Begin XCConfigurationList section */
		65BD0B6F1B637E9C00126BB2 /* Build configuration list for PBXProject "ShoeSizeConverter" */ = {
			isa = XCConfigurationList;
			buildConfigurations = (
				65BD0B941B637E9C00126BB2 /* Debug */,
				65BD0B951B637E9C00126BB2 /* Release */,
			);
			defaultConfigurationIsVisible = 0;
			defaultConfigurationName = Release;
		};
		65BD0B961B637E9C00126BB2 /* Build configuration list for PBXNativeTarget "ShoeSizeConverter" */ = {
			isa = XCConfigurationList;
			buildConfigurations = (
				65BD0B971B637E9C00126BB2 /* Debug */,
				65BD0B981B637E9C00126BB2 /* Release */,
			);
			defaultConfigurationIsVisible = 0;
		};
		65BD0B991B637E9C00126BB2 /* Build configuration list for PBXNativeTarget "ShoeSizeConverterTests" */ = {
			isa = XCConfigurationList;
			buildConfigurations = (
				65BD0B9A1B637E9C00126BB2 /* Debug */,
				65BD0B9B1B637E9C00126BB2 /* Release */,
			);
			defaultConfigurationIsVisible = 0;
		};
/* End XCConfigurationList section */

/* Begin XCVersionGroup section */
		65BD0B7B1B637E9C00126BB2 /* ShoeSizeConverter.xcdatamodeld */ = {
			isa = XCVersionGroup;
			children = (
				65BD0B7C1B637E9C00126BB2 /* ShoeSizeConverter.xcdatamodel */,
			);
			currentVersion = 65BD0B7C1B637E9C00126BB2 /* ShoeSizeConverter.xcdatamodel */;
			path = ShoeSizeConverter.xcdatamodeld;
			sourceTree = "<group>";
			versionGroupType = wrapper.xcdatamodel;
		};
/* End XCVersionGroup section */
	};
	rootObject = 65BD0B6C1B637E9C00126BB2 /* Project object */;
}
